
Microsoft Visual Studio Solution File, Format Version 12.00
# Visual Studio Version 17
VisualStudioVersion = 17.11.35327.3
MinimumVisualStudioVersion = 10.0.40219.1
Project("{8BC9CEB8-8B4A-11D0-8D11-00A0C91BC942}") = "SmartComponent", "SmartComponent.vcxproj", "{AE78598D-AF55-4D19-82D4-069BF5C300F2}"
EndProject
Global
	GlobalSection(SolutionConfigurationPlatforms) = preSolution
		Debug|x64 = Debug|x64
		Debug|x86 = Debug|x86
		Release|x64 = Release|x64
		Release|x86 = Release|x86
	EndGlobalSection
	GlobalSection(ProjectConfigurationPlatforms) = postSolution
		{AE78598D-AF55-4D19-82D4-069BF5C300F2}.Debug|x64.ActiveCfg = Debug|x64
		{AE78598D-AF55-4D19-82D4-069BF5C300F2}.Debug|x64.Build.0 = Debug|x64
		{AE78598D-AF55-4D19-82D4-069BF5C300F2}.Debug|x86.ActiveCfg = Debug|Win32
		{AE78598D-AF55-4D19-82D4-069BF5C300F2}.Debug|x86.Build.0 = Debug|Win32
		{AE78598D-AF55-4D19-82D4-069BF5C300F2}.Release|x64.ActiveCfg = Release|x64
		{AE78598D-AF55-4D19-82D4-069BF5C300F2}.Release|x64.Build.0 = Release|x64
		{AE78598D-AF55-4D19-82D4-069BF5C300F2}.Release|x86.ActiveCfg = Release|Win32
		{AE78598D-AF55-4D19-82D4-069BF5C300F2}.Release|x86.Build.0 = Release|Win32
	EndGlobalSection
	GlobalSection(SolutionProperties) = preSolution
		HideSolutionNode = FALSE
	EndGlobalSection
	GlobalSection(ExtensibilityGlobals) = postSolution
		SolutionGuid = {72895C87-13BA-40B1-8634-273699DCE7E5}
	EndGlobalSection
EndGlobal
